
Microsoft Visual Studio Solution File, Format Version 12.00
# Visual Studio Version 17
VisualStudioVersion = 17.5.33424.131
MinimumVisualStudioVersion = 10.0.40219.1
Project("{8BC9CEB8-8B4A-11D0-8D11-00A0C91BC942}") = "fruit_program", "fruit_program\fruit_program.vcxproj", "{71A89A04-014F-4277-B8CC-FF3339B995C0}"
EndProject
Global
	GlobalSection(SolutionConfigurationPlatforms) = preSolution
		Debug|x64 = Debug|x64
		Debug|x86 = Debug|x86
		Release|x64 = Release|x64
		Release|x86 = Release|x86
	EndGlobalSection
	GlobalSection(ProjectConfigurationPlatforms) = postSolution
		{71A89A04-014F-4277-B8CC-FF3339B995C0}.Debug|x64.ActiveCfg = Debug|x64
		{71A89A04-014F-4277-B8CC-FF3339B995C0}.Debug|x64.Build.0 = Debug|x64
		{71A89A04-014F-4277-B8CC-FF3339B995C0}.Debug|x86.ActiveCfg = Debug|Win32
		{71A89A04-014F-4277-B8CC-FF3339B995C0}.Debug|x86.Build.0 = Debug|Win32
		{71A89A04-014F-4277-B8CC-FF3339B995C0}.Release|x64.ActiveCfg = Release|x64
		{71A89A04-014F-4277-B8CC-FF3339B995C0}.Release|x64.Build.0 = Release|x64
		{71A89A04-014F-4277-B8CC-FF3339B995C0}.Release|x86.ActiveCfg = Release|Win32
		{71A89A04-014F-4277-B8CC-FF3339B995C0}.Release|x86.Build.0 = Release|Win32
	EndGlobalSection
	GlobalSection(SolutionProperties) = preSolution
		HideSolutionNode = FALSE
	EndGlobalSection
	GlobalSection(ExtensibilityGlobals) = postSolution
		SolutionGuid = {5B2E79B9-561F-441B-BE93-E1478C86B8AD}
	EndGlobalSection
EndGlobal
